
Microsoft Visual Studio Solution File, Format Version 12.00
# Visual Studio 15
VisualStudioVersion = 15.0.28307.1145
MinimumVisualStudioVersion = 10.0.40219.1
Project("{FAE04EC0-301F-11D3-BF4B-00C04F79EFBC}") = "Rent", "Rent\Rent.csproj", "{75DED4D1-22B3-4F3A-9EE7-2E83B876396E}"
EndProject
Project("{FAE04EC0-301F-11D3-BF4B-00C04F79EFBC}") = "BLL", "BLL\BLL.csproj", "{719F084F-8DF0-464D-AA70-63AB9383CCB0}"
EndProject
Project("{FAE04EC0-301F-11D3-BF4B-00C04F79EFBC}") = "DAL", "DAL\DAL.csproj", "{7374F97B-FBCF-4F4F-8E21-D9C8B8AF99DB}"
EndProject
Project("{FAE04EC0-301F-11D3-BF4B-00C04F79EFBC}") = "Model", "Model\Model.csproj", "{ED9BA90E-04B7-4963-BBCB-2193BFC1235F}"
EndProject
Global
	GlobalSection(SolutionConfigurationPlatforms) = preSolution
		Debug|Any CPU = Debug|Any CPU
		Release|Any CPU = Release|Any CPU
	EndGlobalSection
	GlobalSection(ProjectConfigurationPlatforms) = postSolution
		{75DED4D1-22B3-4F3A-9EE7-2E83B876396E}.Debug|Any CPU.ActiveCfg = Debug|Any CPU
		{75DED4D1-22B3-4F3A-9EE7-2E83B876396E}.Debug|Any CPU.Build.0 = Debug|Any CPU
		{75DED4D1-22B3-4F3A-9EE7-2E83B876396E}.Release|Any CPU.ActiveCfg = Release|Any CPU
		{75DED4D1-22B3-4F3A-9EE7-2E83B876396E}.Release|Any CPU.Build.0 = Release|Any CPU
		{719F084F-8DF0-464D-AA70-63AB9383CCB0}.Debug|Any CPU.ActiveCfg = Debug|Any CPU
		{719F084F-8DF0-464D-AA70-63AB9383CCB0}.Debug|Any CPU.Build.0 = Debug|Any CPU
		{719F084F-8DF0-464D-AA70-63AB9383CCB0}.Release|Any CPU.ActiveCfg = Release|Any CPU
		{719F084F-8DF0-464D-AA70-63AB9383CCB0}.Release|Any CPU.Build.0 = Release|Any CPU
		{7374F97B-FBCF-4F4F-8E21-D9C8B8AF99DB}.Debug|Any CPU.ActiveCfg = Debug|Any CPU
		{7374F97B-FBCF-4F4F-8E21-D9C8B8AF99DB}.Debug|Any CPU.Build.0 = Debug|Any CPU
		{7374F97B-FBCF-4F4F-8E21-D9C8B8AF99DB}.Release|Any CPU.ActiveCfg = Release|Any CPU
		{7374F97B-FBCF-4F4F-8E21-D9C8B8AF99DB}.Release|Any CPU.Build.0 = Release|Any CPU
		{ED9BA90E-04B7-4963-BBCB-2193BFC1235F}.Debug|Any CPU.ActiveCfg = Debug|Any CPU
		{ED9BA90E-04B7-4963-BBCB-2193BFC1235F}.Debug|Any CPU.Build.0 = Debug|Any CPU
		{ED9BA90E-04B7-4963-BBCB-2193BFC1235F}.Release|Any CPU.ActiveCfg = Release|Any CPU
		{ED9BA90E-04B7-4963-BBCB-2193BFC1235F}.Release|Any CPU.Build.0 = Release|Any CPU
	EndGlobalSection
	GlobalSection(SolutionProperties) = preSolution
		HideSolutionNode = FALSE
	EndGlobalSection
	GlobalSection(ExtensibilityGlobals) = postSolution
		SolutionGuid = {57E3D06A-DE87-48F7-BC89-8B9D5ECE0A9C}
	EndGlobalSection
EndGlobal
